
Microsoft Visual Studio Solution File, Format Version 12.00
# Visual Studio Version 17
VisualStudioVersion = 17.7.34018.315
MinimumVisualStudioVersion = 10.0.40219.1
Project("{9A19103F-16F7-4668-BE54-9A1E7A4F7556}") = "PlatformService", "PlatformService.csproj", "{B60B5CE6-EB31-45B9-A7D2-677E299DAFA0}"
EndProject
Global
	GlobalSection(SolutionConfigurationPlatforms) = preSolution
		Debug|Any CPU = Debug|Any CPU
		Release|Any CPU = Release|Any CPU
	EndGlobalSection
	GlobalSection(ProjectConfigurationPlatforms) = postSolution
		{B60B5CE6-EB31-45B9-A7D2-677E299DAFA0}.Debug|Any CPU.ActiveCfg = Debug|Any CPU
		{B60B5CE6-EB31-45B9-A7D2-677E299DAFA0}.Debug|Any CPU.Build.0 = Debug|Any CPU
		{B60B5CE6-EB31-45B9-A7D2-677E299DAFA0}.Release|Any CPU.ActiveCfg = Release|Any CPU
		{B60B5CE6-EB31-45B9-A7D2-677E299DAFA0}.Release|Any CPU.Build.0 = Release|Any CPU
	EndGlobalSection
	GlobalSection(SolutionProperties) = preSolution
		HideSolutionNode = FALSE
	EndGlobalSection
	GlobalSection(ExtensibilityGlobals) = postSolution
		SolutionGuid = {C5DBA235-704D-4AB4-8746-A730BBA72C17}
	EndGlobalSection
EndGlobal
